
Microsoft Visual Studio Solution File, Format Version 12.00
# Visual Studio Version 17
VisualStudioVersion = 17.5.002.0
MinimumVisualStudioVersion = 10.0.40219.1
Project("{9A19103F-16F7-4668-BE54-9A1E7A4F7556}") = "BirdWatcher", "BirdWatcher.csproj", "{12C48ED8-B8C4-49D1-9EB1-F2474BE1ECF4}"
EndProject
Global
	GlobalSection(SolutionConfigurationPlatforms) = preSolution
		Debug|Any CPU = Debug|Any CPU
		Release|Any CPU = Release|Any CPU
	EndGlobalSection
	GlobalSection(ProjectConfigurationPlatforms) = postSolution
		{12C48ED8-B8C4-49D1-9EB1-F2474BE1ECF4}.Debug|Any CPU.ActiveCfg = Debug|Any CPU
		{12C48ED8-B8C4-49D1-9EB1-F2474BE1ECF4}.Debug|Any CPU.Build.0 = Debug|Any CPU
		{12C48ED8-B8C4-49D1-9EB1-F2474BE1ECF4}.Release|Any CPU.ActiveCfg = Release|Any CPU
		{12C48ED8-B8C4-49D1-9EB1-F2474BE1ECF4}.Release|Any CPU.Build.0 = Release|Any CPU
	EndGlobalSection
	GlobalSection(SolutionProperties) = preSolution
		HideSolutionNode = FALSE
	EndGlobalSection
	GlobalSection(ExtensibilityGlobals) = postSolution
		SolutionGuid = {7A3F131C-4F68-4D99-8D3B-20570BD60B33}
	EndGlobalSection
EndGlobal
